
Microsoft Visual Studio Solution File, Format Version 12.00
# Visual Studio Version 16
VisualStudioVersion = 16.0.30907.101
MinimumVisualStudioVersion = 10.0.40219.1
Project("{FAE04EC0-301F-11D3-BF4B-00C04F79EFBC}") = "HigleySProject2", "HigleySProject2.csproj", "{A801D805-75F6-461B-81F7-3F10CDE6607E}"
EndProject
Global
	GlobalSection(SolutionConfigurationPlatforms) = preSolution
		Debug|Any CPU = Debug|Any CPU
		Release|Any CPU = Release|Any CPU
	EndGlobalSection
	GlobalSection(ProjectConfigurationPlatforms) = postSolution
		{A801D805-75F6-461B-81F7-3F10CDE6607E}.Debug|Any CPU.ActiveCfg = Debug|Any CPU
		{A801D805-75F6-461B-81F7-3F10CDE6607E}.Debug|Any CPU.Build.0 = Debug|Any CPU
		{A801D805-75F6-461B-81F7-3F10CDE6607E}.Release|Any CPU.ActiveCfg = Release|Any CPU
		{A801D805-75F6-461B-81F7-3F10CDE6607E}.Release|Any CPU.Build.0 = Release|Any CPU
	EndGlobalSection
	GlobalSection(SolutionProperties) = preSolution
		HideSolutionNode = FALSE
	EndGlobalSection
	GlobalSection(ExtensibilityGlobals) = postSolution
		SolutionGuid = {89A702AA-47F7-48BD-9F44-BB1767F3ED0D}
	EndGlobalSection
EndGlobal
